
Microsoft Visual Studio Solution File, Format Version 12.00
# Visual Studio Version 16
VisualStudioVersion = 16.0.31702.278
MinimumVisualStudioVersion = 10.0.40219.1
Project("{8BC9CEB8-8B4A-11D0-8D11-00A0C91BC942}") = "TDProg3", "TDProg3\TDProg3.vcxproj", "{E1C93C07-86F2-4C18-990F-7F44060C5890}"
EndProject
Global
	GlobalSection(SolutionConfigurationPlatforms) = preSolution
		Debug|x64 = Debug|x64
		Debug|x86 = Debug|x86
		Release|x64 = Release|x64
		Release|x86 = Release|x86
	EndGlobalSection
	GlobalSection(ProjectConfigurationPlatforms) = postSolution
		{E1C93C07-86F2-4C18-990F-7F44060C5890}.Debug|x64.ActiveCfg = Debug|x64
		{E1C93C07-86F2-4C18-990F-7F44060C5890}.Debug|x64.Build.0 = Debug|x64
		{E1C93C07-86F2-4C18-990F-7F44060C5890}.Debug|x86.ActiveCfg = Debug|Win32
		{E1C93C07-86F2-4C18-990F-7F44060C5890}.Debug|x86.Build.0 = Debug|Win32
		{E1C93C07-86F2-4C18-990F-7F44060C5890}.Release|x64.ActiveCfg = Release|x64
		{E1C93C07-86F2-4C18-990F-7F44060C5890}.Release|x64.Build.0 = Release|x64
		{E1C93C07-86F2-4C18-990F-7F44060C5890}.Release|x86.ActiveCfg = Release|Win32
		{E1C93C07-86F2-4C18-990F-7F44060C5890}.Release|x86.Build.0 = Release|Win32
	EndGlobalSection
	GlobalSection(SolutionProperties) = preSolution
		HideSolutionNode = FALSE
	EndGlobalSection
	GlobalSection(ExtensibilityGlobals) = postSolution
		SolutionGuid = {115DA682-3A33-4EA6-9091-F64226133C6E}
	EndGlobalSection
EndGlobal
